
Microsoft Visual Studio Solution File, Format Version 12.00
# Visual Studio 15
VisualStudioVersion = 15.0.27130.2010
MinimumVisualStudioVersion = 10.0.40219.1
Project("{FAE04EC0-301F-11D3-BF4B-00C04F79EFBC}") = "Lab3", "Lab3\Lab3.csproj", "{962EBB3C-83E2-4307-9589-BBEE5AC11E9A}"
EndProject
Project("{FAE04EC0-301F-11D3-BF4B-00C04F79EFBC}") = "ApiApp", "ApiApp\ApiApp.csproj", "{EE9E3D90-B5C5-4E06-83DD-17FB2346A144}"
EndProject
Global
	GlobalSection(SolutionConfigurationPlatforms) = preSolution
		Debug|Any CPU = Debug|Any CPU
		Release|Any CPU = Release|Any CPU
	EndGlobalSection
	GlobalSection(ProjectConfigurationPlatforms) = postSolution
		{962EBB3C-83E2-4307-9589-BBEE5AC11E9A}.Debug|Any CPU.ActiveCfg = Debug|Any CPU
		{962EBB3C-83E2-4307-9589-BBEE5AC11E9A}.Debug|Any CPU.Build.0 = Debug|Any CPU
		{962EBB3C-83E2-4307-9589-BBEE5AC11E9A}.Release|Any CPU.ActiveCfg = Release|Any CPU
		{962EBB3C-83E2-4307-9589-BBEE5AC11E9A}.Release|Any CPU.Build.0 = Release|Any CPU
		{EE9E3D90-B5C5-4E06-83DD-17FB2346A144}.Debug|Any CPU.ActiveCfg = Debug|Any CPU
		{EE9E3D90-B5C5-4E06-83DD-17FB2346A144}.Debug|Any CPU.Build.0 = Debug|Any CPU
		{EE9E3D90-B5C5-4E06-83DD-17FB2346A144}.Release|Any CPU.ActiveCfg = Release|Any CPU
		{EE9E3D90-B5C5-4E06-83DD-17FB2346A144}.Release|Any CPU.Build.0 = Release|Any CPU
	EndGlobalSection
	GlobalSection(SolutionProperties) = preSolution
		HideSolutionNode = FALSE
	EndGlobalSection
	GlobalSection(ExtensibilityGlobals) = postSolution
		SolutionGuid = {39FA2CAC-AF71-41FB-B4AB-91F67D88C1A0}
	EndGlobalSection
EndGlobal
