
Microsoft Visual Studio Solution File, Format Version 12.00
# Visual Studio 15
VisualStudioVersion = 15.0.27130.2010
MinimumVisualStudioVersion = 10.0.40219.1
Project("{FAE04EC0-301F-11D3-BF4B-00C04F79EFBC}") = "Final Project", "Final Project\Final Project.csproj", "{1C19241D-9360-45CB-A5A2-9A37881030B6}"
EndProject
Project("{FAE04EC0-301F-11D3-BF4B-00C04F79EFBC}") = "Final Project.Tests", "Final Project.Tests\Final Project.Tests.csproj", "{B0DE72F8-50EE-4022-8423-F697DCBD0765}"
EndProject
Global
	GlobalSection(SolutionConfigurationPlatforms) = preSolution
		Debug|Any CPU = Debug|Any CPU
		Release|Any CPU = Release|Any CPU
	EndGlobalSection
	GlobalSection(ProjectConfigurationPlatforms) = postSolution
		{1C19241D-9360-45CB-A5A2-9A37881030B6}.Debug|Any CPU.ActiveCfg = Debug|Any CPU
		{1C19241D-9360-45CB-A5A2-9A37881030B6}.Debug|Any CPU.Build.0 = Debug|Any CPU
		{1C19241D-9360-45CB-A5A2-9A37881030B6}.Release|Any CPU.ActiveCfg = Release|Any CPU
		{1C19241D-9360-45CB-A5A2-9A37881030B6}.Release|Any CPU.Build.0 = Release|Any CPU
		{B0DE72F8-50EE-4022-8423-F697DCBD0765}.Debug|Any CPU.ActiveCfg = Debug|Any CPU
		{B0DE72F8-50EE-4022-8423-F697DCBD0765}.Debug|Any CPU.Build.0 = Debug|Any CPU
		{B0DE72F8-50EE-4022-8423-F697DCBD0765}.Release|Any CPU.ActiveCfg = Release|Any CPU
		{B0DE72F8-50EE-4022-8423-F697DCBD0765}.Release|Any CPU.Build.0 = Release|Any CPU
	EndGlobalSection
	GlobalSection(SolutionProperties) = preSolution
		HideSolutionNode = FALSE
	EndGlobalSection
	GlobalSection(ExtensibilityGlobals) = postSolution
		SolutionGuid = {674C6865-BAE1-4DE3-B847-324473BB1776}
	EndGlobalSection
EndGlobal
