
Microsoft Visual Studio Solution File, Format Version 12.00
# Visual Studio 15
VisualStudioVersion = 15.0.27130.2010
MinimumVisualStudioVersion = 10.0.40219.1
Project("{FAE04EC0-301F-11D3-BF4B-00C04F79EFBC}") = "Lab8_Bradley_Bergstrom", "Lab8_Bradley_Bergstrom\Lab8_Bradley_Bergstrom.csproj", "{CF728023-58F2-4DE3-AFA8-6B81E8381354}"
EndProject
Global
	GlobalSection(SolutionConfigurationPlatforms) = preSolution
		Debug|Any CPU = Debug|Any CPU
		Release|Any CPU = Release|Any CPU
	EndGlobalSection
	GlobalSection(ProjectConfigurationPlatforms) = postSolution
		{CF728023-58F2-4DE3-AFA8-6B81E8381354}.Debug|Any CPU.ActiveCfg = Debug|Any CPU
		{CF728023-58F2-4DE3-AFA8-6B81E8381354}.Debug|Any CPU.Build.0 = Debug|Any CPU
		{CF728023-58F2-4DE3-AFA8-6B81E8381354}.Release|Any CPU.ActiveCfg = Release|Any CPU
		{CF728023-58F2-4DE3-AFA8-6B81E8381354}.Release|Any CPU.Build.0 = Release|Any CPU
	EndGlobalSection
	GlobalSection(SolutionProperties) = preSolution
		HideSolutionNode = FALSE
	EndGlobalSection
	GlobalSection(ExtensibilityGlobals) = postSolution
		SolutionGuid = {23EF0D75-C7D8-4CE4-A233-A7461C9B2750}
	EndGlobalSection
EndGlobal
